dependencies:
  avrcp_common_utils:
    dependencies: []
    source:
      path: ..\..\..\..\esp\v6.0\esp-idf\examples\bluetooth\bluedroid\classic_bt\common\avrcp_utils\avrcp_common_utils
      type: local
    version: '*'
  idf:
    source:
      type: idf
    version: 6.0.0
direct_dependencies:
- avrcp_common_utils
manifest_hash: 49272f4ad0ad6d2a3a140aad5ac715f47984705ae4bfec87194196b0b7862eda
target: esp32
version: 3.0.0
